
Microsoft Visual Studio Solution File, Format Version 12.00
# Visual Studio 15
VisualStudioVersion = 15.0.26430.6
MinimumVisualStudioVersion = 10.0.40219.1
Project("{8BC9CEB8-8B4A-11D0-8D11-00A0C91BC942}") = "lect_9", "lect_9\lect_9.vcxproj", "{D4DFD21B-44C2-43CE-82E5-2005B06876EC}"
EndProject
Global
	GlobalSection(SolutionConfigurationPlatforms) = preSolution
		Debug|x64 = Debug|x64
		Debug|x86 = Debug|x86
		Release|x64 = Release|x64
		Release|x86 = Release|x86
	EndGlobalSection
	GlobalSection(ProjectConfigurationPlatforms) = postSolution
		{D4DFD21B-44C2-43CE-82E5-2005B06876EC}.Debug|x64.ActiveCfg = Debug|x64
		{D4DFD21B-44C2-43CE-82E5-2005B06876EC}.Debug|x64.Build.0 = Debug|x64
		{D4DFD21B-44C2-43CE-82E5-2005B06876EC}.Debug|x86.ActiveCfg = Debug|Win32
		{D4DFD21B-44C2-43CE-82E5-2005B06876EC}.Debug|x86.Build.0 = Debug|Win32
		{D4DFD21B-44C2-43CE-82E5-2005B06876EC}.Release|x64.ActiveCfg = Release|x64
		{D4DFD21B-44C2-43CE-82E5-2005B06876EC}.Release|x64.Build.0 = Release|x64
		{D4DFD21B-44C2-43CE-82E5-2005B06876EC}.Release|x86.ActiveCfg = Release|Win32
		{D4DFD21B-44C2-43CE-82E5-2005B06876EC}.Release|x86.Build.0 = Release|Win32
	EndGlobalSection
	GlobalSection(SolutionProperties) = preSolution
		HideSolutionNode = FALSE
	EndGlobalSection
EndGlobal
